
Microsoft Visual Studio Solution File, Format Version 12.00
# Visual Studio Version 17
VisualStudioVersion = 17.8.34511.84
MinimumVisualStudioVersion = 10.0.40219.1
Project("{FAE04EC0-301F-11D3-BF4B-00C04F79EFBC}") = "BusTicketBookingSystem", "BusTicketBookingSystem\BusTicketBookingSystem.csproj", "{20B2CFCE-5AF2-4FAE-A3CD-541BBC061935}"
EndProject
Global
	GlobalSection(SolutionConfigurationPlatforms) = preSolution
		Debug|Any CPU = Debug|Any CPU
		Release|Any CPU = Release|Any CPU
	EndGlobalSection
	GlobalSection(ProjectConfigurationPlatforms) = postSolution
		{20B2CFCE-5AF2-4FAE-A3CD-541BBC061935}.Debug|Any CPU.ActiveCfg = Debug|Any CPU
		{20B2CFCE-5AF2-4FAE-A3CD-541BBC061935}.Debug|Any CPU.Build.0 = Debug|Any CPU
		{20B2CFCE-5AF2-4FAE-A3CD-541BBC061935}.Release|Any CPU.ActiveCfg = Release|Any CPU
		{20B2CFCE-5AF2-4FAE-A3CD-541BBC061935}.Release|Any CPU.Build.0 = Release|Any CPU
	EndGlobalSection
	GlobalSection(SolutionProperties) = preSolution
		HideSolutionNode = FALSE
	EndGlobalSection
	GlobalSection(ExtensibilityGlobals) = postSolution
		SolutionGuid = {46743E04-A3D7-48CB-A9A9-637721418414}
	EndGlobalSection
EndGlobal
